
Microsoft Visual Studio Solution File, Format Version 12.00
# Visual Studio Version 17
VisualStudioVersion = 17.1.32228.430
MinimumVisualStudioVersion = 10.0.40219.1
Project("{9A19103F-16F7-4668-BE54-9A1E7A4F7556}") = "Undine.Audrey", "Undine.Audrey\Undine.Audrey.csproj", "{5D27AC89-FAF5-4093-A60A-FAF9C2F1A9F9}"
EndProject
Project("{FAE04EC0-301F-11D3-BF4B-00C04F79EFBC}") = "Undine.Audrey.Console", "Undine.Audrey.Console\Undine.Audrey.Console.csproj", "{196BCC9E-E6E7-48E8-9952-04E90743E767}"
EndProject
Global
	GlobalSection(SolutionConfigurationPlatforms) = preSolution
		Debug|Any CPU = Debug|Any CPU
		Release|Any CPU = Release|Any CPU
	EndGlobalSection
	GlobalSection(ProjectConfigurationPlatforms) = postSolution
		{5D27AC89-FAF5-4093-A60A-FAF9C2F1A9F9}.Debug|Any CPU.ActiveCfg = Debug|Any CPU
		{5D27AC89-FAF5-4093-A60A-FAF9C2F1A9F9}.Debug|Any CPU.Build.0 = Debug|Any CPU
		{5D27AC89-FAF5-4093-A60A-FAF9C2F1A9F9}.Release|Any CPU.ActiveCfg = Release|Any CPU
		{5D27AC89-FAF5-4093-A60A-FAF9C2F1A9F9}.Release|Any CPU.Build.0 = Release|Any CPU
		{196BCC9E-E6E7-48E8-9952-04E90743E767}.Debug|Any CPU.ActiveCfg = Debug|Any CPU
		{196BCC9E-E6E7-48E8-9952-04E90743E767}.Debug|Any CPU.Build.0 = Debug|Any CPU
		{196BCC9E-E6E7-48E8-9952-04E90743E767}.Release|Any CPU.ActiveCfg = Release|Any CPU
		{196BCC9E-E6E7-48E8-9952-04E90743E767}.Release|Any CPU.Build.0 = Release|Any CPU
	EndGlobalSection
	GlobalSection(SolutionProperties) = preSolution
		HideSolutionNode = FALSE
	EndGlobalSection
	GlobalSection(ExtensibilityGlobals) = postSolution
		SolutionGuid = {93560E7A-7157-458B-915C-4DD810C329A7}
	EndGlobalSection
EndGlobal
